// !$*UTF8*$!
{
	archiveVersion = 1;
	classes = {
	};
	objectVersion = 56;
	objects = {

/* Begin PBXBuildFile section */
		4346254C2B5E9BBA000A172D /* AppDelegate.swift in Sources */ = {isa = PBXBuildFile; fileRef = 4346254B2B5E9BBA000A172D /* AppDelegate.swift */; };
		4346254E2B5E9BBA000A172D /* SceneDelegate.swift in Sources */ = {isa = PBXBuildFile; fileRef = 4346254D2B5E9BBA000A172D /* SceneDelegate.swift */; };
		434625502B5E9BBA000A172D /* DemoListViewController.swift in Sources */ = {isa = PBXBuildFile; fileRef = 4346254F2B5E9BBA000A172D /* DemoListViewController.swift */; };
		434625532B5E9BBA000A172D /* Main.storyboard in Resources */ = {isa = PBXBuildFile; fileRef = 434625512B5E9BBA000A172D /* Main.storyboard */; };
		434625552B5E9BBD000A172D /* Assets.xcassets in Resources */ = {isa = PBXBuildFile; fileRef = 434625542B5E9BBD000A172D /* Assets.xcassets */; };
		434625582B5E9BBD000A172D /* LaunchScreen.storyboard in Resources */ = {isa = PBXBuildFile; fileRef = 434625562B5E9BBD000A172D /* LaunchScreen.storyboard */; };
		434625602B5E9F7C000A172D /* Two_1ViewController.swift in Sources */ = {isa = PBXBuildFile; fileRef = 4346255F2B5E9F7C000A172D /* Two_1ViewController.swift */; };
		434625652B5EA05B000A172D /* TestObject.m in Sources */ = {isa = PBXBuildFile; fileRef = 434625642B5EA05B000A172D /* TestObject.m */; };
		43462A682B5FDAD1000A172D /* DemoShader.metal in Sources */ = {isa = PBXBuildFile; fileRef = 43462A672B5FDAD1000A172D /* DemoShader.metal */; };
		43462A6D2B5FE29C000A172D /* DemoMetalRender.swift in Sources */ = {isa = PBXBuildFile; fileRef = 43462A6C2B5FE29C000A172D /* DemoMetalRender.swift */; };
		43462A6F2B5FEC50000A172D /* xianhua.png in Resources */ = {isa = PBXBuildFile; fileRef = 43462A6E2B5FEC50000A172D /* xianhua.png */; };
/* End PBXBuildFile section */

/* Begin PBXFileReference section */
		434625482B5E9BBA000A172D /* DemoMetal2.app */ = {isa = PBXFileReference; explicitFileType = wrapper.application; includeInIndex = 0; path = DemoMetal2.app; sourceTree = BUILT_PRODUCTS_DIR; };
		4346254B2B5E9BBA000A172D /* AppDelegate.swift */ = {isa = PBXFileReference; lastKnownFileType = sourcecode.swift; path = AppDelegate.swift; sourceTree = "<group>"; };
		4346254D2B5E9BBA000A172D /* SceneDelegate.swift */ = {isa = PBXFileReference; lastKnownFileType = sourcecode.swift; path = SceneDelegate.swift; sourceTree = "<group>"; };
		4346254F2B5E9BBA000A172D /* DemoListViewController.swift */ = {isa = PBXFileReference; lastKnownFileType = sourcecode.swift; path = DemoListViewController.swift; sourceTree = "<group>"; };
		434625522B5E9BBA000A172D /* Base */ = {isa = PBXFileReference; lastKnownFileType = file.storyboard; name = Base; path = Base.lproj/Main.storyboard; sourceTree = "<group>"; };
		434625542B5E9BBD000A172D /* Assets.xcassets */ = {isa = PBXFileReference; lastKnownFileType = folder.assetcatalog; path = Assets.xcassets; sourceTree = "<group>"; };
		434625572B5E9BBD000A172D /* Base */ = {isa = PBXFileReference; lastKnownFileType = file.storyboard; name = Base; path = Base.lproj/LaunchScreen.storyboard; sourceTree = "<group>"; };
		434625592B5E9BBD000A172D /* Info.plist */ = {isa = PBXFileReference; lastKnownFileType = text.plist.xml; path = Info.plist; sourceTree = "<group>"; };
		4346255F2B5E9F7C000A172D /* Two_1ViewController.swift */ = {isa = PBXFileReference; lastKnownFileType = sourcecode.swift; path = Two_1ViewController.swift; sourceTree = "<group>"; };
		434625612B5EA033000A172D /* DemoShaderType.h */ = {isa = PBXFileReference; lastKnownFileType = sourcecode.c.h; path = DemoShaderType.h; sourceTree = "<group>"; };
		434625622B5EA05A000A172D /* DemoMetal2-Bridging-Header.h */ = {isa = PBXFileReference; lastKnownFileType = sourcecode.c.h; path = "DemoMetal2-Bridging-Header.h"; sourceTree = "<group>"; };
		434625632B5EA05B000A172D /* TestObject.h */ = {isa = PBXFileReference; lastKnownFileType = sourcecode.c.h; path = TestObject.h; sourceTree = "<group>"; };
		434625642B5EA05B000A172D /* TestObject.m */ = {isa = PBXFileReference; lastKnownFileType = sourcecode.c.objc; path = TestObject.m; sourceTree = "<group>"; };
		43462A672B5FDAD1000A172D /* DemoShader.metal */ = {isa = PBXFileReference; lastKnownFileType = sourcecode.metal; path = DemoShader.metal; sourceTree = "<group>"; };
		43462A6C2B5FE29C000A172D /* DemoMetalRender.swift */ = {isa = PBXFileReference; lastKnownFileType = sourcecode.swift; path = DemoMetalRender.swift; sourceTree = "<group>"; };
		43462A6E2B5FEC50000A172D /* xianhua.png */ = {isa = PBXFileReference; lastKnownFileType = image.png; path = xianhua.png; sourceTree = "<group>"; };
/* End PBXFileReference section */

/* Begin PBXFrameworksBuildPhase section */
		434625452B5E9BBA000A172D /* Frameworks */ = {
			isa = PBXFrameworksBuildPhase;
			buildActionMask = 2147483647;
			files = (
			);
			runOnlyForDeploymentPostprocessing = 0;
		};
/* End PBXFrameworksBuildPhase section */

/* Begin PBXGroup section */
		4346253F2B5E9BBA000A172D = {
			isa = PBXGroup;
			children = (
				4346254A2B5E9BBA000A172D /* DemoMetal2 */,
				434625492B5E9BBA000A172D /* Products */,
			);
			sourceTree = "<group>";
		};
		434625492B5E9BBA000A172D /* Products */ = {
			isa = PBXGroup;
			children = (
				434625482B5E9BBA000A172D /* DemoMetal2.app */,
			);
			name = Products;
			sourceTree = "<group>";
		};
		4346254A2B5E9BBA000A172D /* DemoMetal2 */ = {
			isa = PBXGroup;
			children = (
				4346254B2B5E9BBA000A172D /* AppDelegate.swift */,
				4346254D2B5E9BBA000A172D /* SceneDelegate.swift */,
				4346254F2B5E9BBA000A172D /* DemoListViewController.swift */,
				4346255F2B5E9F7C000A172D /* Two_1ViewController.swift */,
				43462A6C2B5FE29C000A172D /* DemoMetalRender.swift */,
				434625612B5EA033000A172D /* DemoShaderType.h */,
				43462A672B5FDAD1000A172D /* DemoShader.metal */,
				434625632B5EA05B000A172D /* TestObject.h */,
				434625642B5EA05B000A172D /* TestObject.m */,
				43462A6E2B5FEC50000A172D /* xianhua.png */,
				434625512B5E9BBA000A172D /* Main.storyboard */,
				434625542B5E9BBD000A172D /* Assets.xcassets */,
				434625562B5E9BBD000A172D /* LaunchScreen.storyboard */,
				434625592B5E9BBD000A172D /* Info.plist */,
				434625622B5EA05A000A172D /* DemoMetal2-Bridging-Header.h */,
			);
			path = DemoMetal2;
			sourceTree = "<group>";
		};
/* End PBXGroup section */

/* Begin PBXNativeTarget section */
		434625472B5E9BBA000A172D /* DemoMetal2 */ = {
			isa = PBXNativeTarget;
			buildConfigurationList = 4346255C2B5E9BBD000A172D /* Build configuration list for PBXNativeTarget "DemoMetal2" */;
			buildPhases = (
				434625442B5E9BBA000A172D /* Sources */,
				434625452B5E9BBA000A172D /* Frameworks */,
				434625462B5E9BBA000A172D /* Resources */,
			);
			buildRules = (
			);
			dependencies = (
			);
			name = DemoMetal2;
			productName = DemoMetal2;
			productReference = 434625482B5E9BBA000A172D /* DemoMetal2.app */;
			productType = "com.apple.product-type.application";
		};
/* End PBXNativeTarget section */

/* Begin PBXProject section */
		434625402B5E9BBA000A172D /* Project object */ = {
			isa = PBXProject;
			attributes = {
				BuildIndependentTargetsInParallel = 1;
				LastSwiftUpdateCheck = 1500;
				LastUpgradeCheck = 1500;
				TargetAttributes = {
					434625472B5E9BBA000A172D = {
						CreatedOnToolsVersion = 15.0;
						LastSwiftMigration = 1500;
					};
				};
			};
			buildConfigurationList = 434625432B5E9BBA000A172D /* Build configuration list for PBXProject "DemoMetal2" */;
			compatibilityVersion = "Xcode 14.0";
			developmentRegion = en;
			hasScannedForEncodings = 0;
			knownRegions = (
				en,
				Base,
			);
			mainGroup = 4346253F2B5E9BBA000A172D;
			productRefGroup = 434625492B5E9BBA000A172D /* Products */;
			projectDirPath = "";
			projectRoot = "";
			targets = (
				434625472B5E9BBA000A172D /* DemoMetal2 */,
			);
		};
/* End PBXProject section */

/* Begin PBXResourcesBuildPhase section */
		434625462B5E9BBA000A172D /* Resources */ = {
			isa = PBXResourcesBuildPhase;
			buildActionMask = 2147483647;
			files = (
				43462A6F2B5FEC50000A172D /* xianhua.png in Resources */,
				434625582B5E9BBD000A172D /* LaunchScreen.storyboard in Resources */,
				434625552B5E9BBD000A172D /* Assets.xcassets in Resources */,
				434625532B5E9BBA000A172D /* Main.storyboard in Resources */,
			);
			runOnlyForDeploymentPostprocessing = 0;
		};
/* End PBXResourcesBuildPhase section */

/* Begin PBXSourcesBuildPhase section */
		434625442B5E9BBA000A172D /* Sources */ = {
			isa = PBXSourcesBuildPhase;
			buildActionMask = 2147483647;
			files = (
				434625502B5E9BBA000A172D /* DemoListViewController.swift in Sources */,
				434625602B5E9F7C000A172D /* Two_1ViewController.swift in Sources */,
				434625652B5EA05B000A172D /* TestObject.m in Sources */,
				43462A6D2B5FE29C000A172D /* DemoMetalRender.swift in Sources */,
				4346254C2B5E9BBA000A172D /* AppDelegate.swift in Sources */,
				4346254E2B5E9BBA000A172D /* SceneDelegate.swift in Sources */,
				43462A682B5FDAD1000A172D /* DemoShader.metal in Sources */,
			);
			runOnlyForDeploymentPostprocessing = 0;
		};
/* End PBXSourcesBuildPhase section */

/* Begin PBXVariantGroup section */
		434625512B5E9BBA000A172D /* Main.storyboard */ = {
			isa = PBXVariantGroup;
			children = (
				434625522B5E9BBA000A172D /* Base */,
			);
			name = Main.storyboard;
			sourceTree = "<group>";
		};
		434625562B5E9BBD000A172D /* LaunchScreen.storyboard */ = {
			isa = PBXVariantGroup;
			children = (
				434625572B5E9BBD000A172D /* Base */,
			);
			name = LaunchScreen.storyboard;
			sourceTree = "<group>";
		};
/* End PBXVariantGroup section */

/* Begin XCBuildConfiguration section */
		4346255A2B5E9BBD000A172D /* Debug */ = {
			isa = XCBuildConfiguration;
			buildSettings = {
				ALWAYS_SEARCH_USER_PATHS = NO;
				ASSETCATALOG_COMPILER_GENERATE_SWIFT_ASSET_SYMBOL_EXTENSIONS = YES;
				CLANG_ANALYZER_NONNULL = YES;
				CLANG_ANALYZER_NUMBER_OBJECT_CONVERSION = YES_AGGRESSIVE;
				CLANG_CXX_LANGUAGE_STANDARD = "gnu++20";
				CLANG_ENABLE_MODULES = YES;
				CLANG_ENABLE_OBJC_ARC = YES;
				CLANG_ENABLE_OBJC_WEAK = YES;
				CLANG_WARN_BLOCK_CAPTURE_AUTORELEASING = YES;
				CLANG_WARN_BOOL_CONVERSION = YES;
				CLANG_WARN_COMMA = YES;
				CLANG_WARN_CONSTANT_CONVERSION = YES;
				CLANG_WARN_DEPRECATED_OBJC_IMPLEMENTATIONS = YES;
				CLANG_WARN_DIRECT_OBJC_ISA_USAGE = YES_ERROR;
				CLANG_WARN_DOCUMENTATION_COMMENTS = YES;
				CLANG_WARN_EMPTY_BODY = YES;
				CLANG_WARN_ENUM_CONVERSION = YES;
				CLANG_WARN_INFINITE_RECURSION = YES;
				CLANG_WARN_INT_CONVERSION = YES;
				CLANG_WARN_NON_LITERAL_NULL_CONVERSION = YES;
				CLANG_WARN_OBJC_IMPLICIT_RETAIN_SELF = YES;
				CLANG_WARN_OBJC_LITERAL_CONVERSION = YES;
				CLANG_WARN_OBJC_ROOT_CLASS = YES_ERROR;
				CLANG_WARN_QUOTED_INCLUDE_IN_FRAMEWORK_HEADER = YES;
				CLANG_WARN_RANGE_LOOP_ANALYSIS = YES;
				CLANG_WARN_STRICT_PROTOTYPES = YES;
				CLANG_WARN_SUSPICIOUS_MOVE = YES;
				CLANG_WARN_UNGUARDED_AVAILABILITY = YES_AGGRESSIVE;
				CLANG_WARN_UNREACHABLE_CODE = YES;
				CLANG_WARN__DUPLICATE_METHOD_MATCH = YES;
				COPY_PHASE_STRIP = NO;
				DEBUG_INFORMATION_FORMAT = dwarf;
				ENABLE_STRICT_OBJC_MSGSEND = YES;
				ENABLE_TESTABILITY = YES;
				ENABLE_USER_SCRIPT_SANDBOXING = YES;
				GCC_C_LANGUAGE_STANDARD = gnu17;
				GCC_DYNAMIC_NO_PIC = NO;
				GCC_NO_COMMON_BLOCKS = YES;
				GCC_OPTIMIZATION_LEVEL = 0;
				GCC_PREPROCESSOR_DEFINITIONS = (
					"DEBUG=1",
					"$(inherited)",
				);
				GCC_WARN_64_TO_32_BIT_CONVERSION = YES;
				GCC_WARN_ABOUT_RETURN_TYPE = YES_ERROR;
				GCC_WARN_UNDECLARED_SELECTOR = YES;
				GCC_WARN_UNINITIALIZED_AUTOS = YES_AGGRESSIVE;
				GCC_WARN_UNUSED_FUNCTION = YES;
				GCC_WARN_UNUSED_VARIABLE = YES;
				IPHONEOS_DEPLOYMENT_TARGET = 13.0;
				LOCALIZATION_PREFERS_STRING_CATALOGS = YES;
				MTL_ENABLE_DEBUG_INFO = INCLUDE_SOURCE;
				MTL_FAST_MATH = YES;
				ONLY_ACTIVE_ARCH = YES;
				SDKROOT = iphoneos;
				SWIFT_ACTIVE_COMPILATION_CONDITIONS = "DEBUG $(inherited)";
				SWIFT_OPTIMIZATION_LEVEL = "-Onone";
			};
			name = Debug;
		};
		4346255B2B5E9BBD000A172D /* Release */ = {
			isa = XCBuildConfiguration;
			buildSettings = {
				ALWAYS_SEARCH_USER_PATHS = NO;
				ASSETCATALOG_COMPILER_GENERATE_SWIFT_ASSET_SYMBOL_EXTENSIONS = YES;
				CLANG_ANALYZER_NONNULL = YES;
				CLANG_ANALYZER_NUMBER_OBJECT_CONVERSION = YES_AGGRESSIVE;
				CLANG_CXX_LANGUAGE_STANDARD = "gnu++20";
				CLANG_ENABLE_MODULES = YES;
				CLANG_ENABLE_OBJC_ARC = YES;
				CLANG_ENABLE_OBJC_WEAK = YES;
				CLANG_WARN_BLOCK_CAPTURE_AUTORELEASING = YES;
				CLANG_WARN_BOOL_CONVERSION = YES;
				CLANG_WARN_COMMA = YES;
				CLANG_WARN_CONSTANT_CONVERSION = YES;
				CLANG_WARN_DEPRECATED_OBJC_IMPLEMENTATIONS = YES;
				CLANG_WARN_DIRECT_OBJC_ISA_USAGE = YES_ERROR;
				CLANG_WARN_DOCUMENTATION_COMMENTS = YES;
				CLANG_WARN_EMPTY_BODY = YES;
				CLANG_WARN_ENUM_CONVERSION = YES;
				CLANG_WARN_INFINITE_RECURSION = YES;
				CLANG_WARN_INT_CONVERSION = YES;
				CLANG_WARN_NON_LITERAL_NULL_CONVERSION = YES;
				CLANG_WARN_OBJC_IMPLICIT_RETAIN_SELF = YES;
				CLANG_WARN_OBJC_LITERAL_CONVERSION = YES;
				CLANG_WARN_OBJC_ROOT_CLASS = YES_ERROR;
				CLANG_WARN_QUOTED_INCLUDE_IN_FRAMEWORK_HEADER = YES;
				CLANG_WARN_RANGE_LOOP_ANALYSIS = YES;
				CLANG_WARN_STRICT_PROTOTYPES = YES;
				CLANG_WARN_SUSPICIOUS_MOVE = YES;
				CLANG_WARN_UNGUARDED_AVAILABILITY = YES_AGGRESSIVE;
				CLANG_WARN_UNREACHABLE_CODE = YES;
				CLANG_WARN__DUPLICATE_METHOD_MATCH = YES;
				COPY_PHASE_STRIP = NO;
				DEBUG_INFORMATION_FORMAT = "dwarf-with-dsym";
				ENABLE_NS_ASSERTIONS = NO;
				ENABLE_STRICT_OBJC_MSGSEND = YES;
				ENABLE_USER_SCRIPT_SANDBOXING = YES;
				GCC_C_LANGUAGE_STANDARD = gnu17;
				GCC_NO_COMMON_BLOCKS = YES;
				GCC_WARN_64_TO_32_BIT_CONVERSION = YES;
				GCC_WARN_ABOUT_RETURN_TYPE = YES_ERROR;
				GCC_WARN_UNDECLARED_SELECTOR = YES;
				GCC_WARN_UNINITIALIZED_AUTOS = YES_AGGRESSIVE;
				GCC_WARN_UNUSED_FUNCTION = YES;
				GCC_WARN_UNUSED_VARIABLE = YES;
				IPHONEOS_DEPLOYMENT_TARGET = 13.0;
				LOCALIZATION_PREFERS_STRING_CATALOGS = YES;
				MTL_ENABLE_DEBUG_INFO = NO;
				MTL_FAST_MATH = YES;
				SDKROOT = iphoneos;
				SWIFT_COMPILATION_MODE = wholemodule;
				VALIDATE_PRODUCT = YES;
			};
			name = Release;
		};
		4346255D2B5E9BBD000A172D /* Debug */ = {
			isa = XCBuildConfiguration;
			buildSettings = {
				ASSETCATALOG_COMPILER_APPICON_NAME = AppIcon;
				ASSETCATALOG_COMPILER_GLOBAL_ACCENT_COLOR_NAME = AccentColor;
				CLANG_ENABLE_MODULES = YES;
				CODE_SIGN_STYLE = Automatic;
				CURRENT_PROJECT_VERSION = 1;
				DEVELOPMENT_TEAM = E4R9H9F9L2;
				GENERATE_INFOPLIST_FILE = YES;
				INFOPLIST_FILE = DemoMetal2/Info.plist;
				INFOPLIST_KEY_UIApplicationSupportsIndirectInputEvents = YES;
				INFOPLIST_KEY_UILaunchStoryboardName = LaunchScreen;
				INFOPLIST_KEY_UIMainStoryboardFile = Main;
				INFOPLIST_KEY_UISupportedInterfaceOrientations_iPad = "UIInterfaceOrientationPortrait UIInterfaceOrientationPortraitUpsideDown UIInterfaceOrientationLandscapeLeft UIInterfaceOrientationLandscapeRight";
				INFOPLIST_KEY_UISupportedInterfaceOrientations_iPhone = "UIInterfaceOrientationPortrait UIInterfaceOrientationLandscapeLeft UIInterfaceOrientationLandscapeRight";
				LD_RUNPATH_SEARCH_PATHS = (
					"$(inherited)",
					"@executable_path/Frameworks",
				);
				MARKETING_VERSION = 1.0;
				PRODUCT_BUNDLE_IDENTIFIER = com.lxm.DemoMetal2;
				PRODUCT_NAME = "$(TARGET_NAME)";
				SWIFT_EMIT_LOC_STRINGS = YES;
				SWIFT_OBJC_BRIDGING_HEADER = "DemoMetal2/DemoMetal2-Bridging-Header.h";
				SWIFT_OPTIMIZATION_LEVEL = "-Onone";
				SWIFT_VERSION = 5.0;
				TARGETED_DEVICE_FAMILY = "1,2";
			};
			name = Debug;
		};
		4346255E2B5E9BBD000A172D /* Release */ = {
			isa = XCBuildConfiguration;
			buildSettings = {
				ASSETCATALOG_COMPILER_APPICON_NAME = AppIcon;
				ASSETCATALOG_COMPILER_GLOBAL_ACCENT_COLOR_NAME = AccentColor;
				CLANG_ENABLE_MODULES = YES;
				CODE_SIGN_STYLE = Automatic;
				CURRENT_PROJECT_VERSION = 1;
				DEVELOPMENT_TEAM = E4R9H9F9L2;
				GENERATE_INFOPLIST_FILE = YES;
				INFOPLIST_FILE = DemoMetal2/Info.plist;
				INFOPLIST_KEY_UIApplicationSupportsIndirectInputEvents = YES;
				INFOPLIST_KEY_UILaunchStoryboardName = LaunchScreen;
				INFOPLIST_KEY_UIMainStoryboardFile = Main;
				INFOPLIST_KEY_UISupportedInterfaceOrientations_iPad = "UIInterfaceOrientationPortrait UIInterfaceOrientationPortraitUpsideDown UIInterfaceOrientationLandscapeLeft UIInterfaceOrientationLandscapeRight";
				INFOPLIST_KEY_UISupportedInterfaceOrientations_iPhone = "UIInterfaceOrientationPortrait UIInterfaceOrientationLandscapeLeft UIInterfaceOrientationLandscapeRight";
				LD_RUNPATH_SEARCH_PATHS = (
					"$(inherited)",
					"@executable_path/Frameworks",
				);
				MARKETING_VERSION = 1.0;
				PRODUCT_BUNDLE_IDENTIFIER = com.lxm.DemoMetal2;
				PRODUCT_NAME = "$(TARGET_NAME)";
				SWIFT_EMIT_LOC_STRINGS = YES;
				SWIFT_OBJC_BRIDGING_HEADER = "DemoMetal2/DemoMetal2-Bridging-Header.h";
				SWIFT_VERSION = 5.0;
				TARGETED_DEVICE_FAMILY = "1,2";
			};
			name = Release;
		};
/* End XCBuildConfiguration section */

/* Begin XCConfigurationList section */
		434625432B5E9BBA000A172D /* Build configuration list for PBXProject "DemoMetal2" */ = {
			isa = XCConfigurationList;
			buildConfigurations = (
				4346255A2B5E9BBD000A172D /* Debug */,
				4346255B2B5E9BBD000A172D /* Release */,
			);
			defaultConfigurationIsVisible = 0;
			defaultConfigurationName = Release;
		};
		4346255C2B5E9BBD000A172D /* Build configuration list for PBXNativeTarget "DemoMetal2" */ = {
			isa = XCConfigurationList;
			buildConfigurations = (
				4346255D2B5E9BBD000A172D /* Debug */,
				4346255E2B5E9BBD000A172D /* Release */,
			);
			defaultConfigurationIsVisible = 0;
			defaultConfigurationName = Release;
		};
/* End XCConfigurationList section */
	};
	rootObject = 434625402B5E9BBA000A172D /* Project object */;
}
