// !$*UTF8*$!
{
	archiveVersion = 1;
	classes = {
	};
	objectVersion = 56;
	objects = {

/* Begin PBXBuildFile section */
		43E0C87D2B50E064002A71FE /* AppDelegate.swift in Sources */ = {isa = PBXBuildFile; fileRef = 43E0C87C2B50E064002A71FE /* AppDelegate.swift */; };
		43E0C87F2B50E064002A71FE /* SceneDelegate.swift in Sources */ = {isa = PBXBuildFile; fileRef = 43E0C87E2B50E064002A71FE /* SceneDelegate.swift */; };
		43E0C8812B50E064002A71FE /* ViewController.swift in Sources */ = {isa = PBXBuildFile; fileRef = 43E0C8802B50E064002A71FE /* ViewController.swift */; };
		43E0C8842B50E064002A71FE /* Main.storyboard in Resources */ = {isa = PBXBuildFile; fileRef = 43E0C8822B50E064002A71FE /* Main.storyboard */; };
		43E0C8862B50E065002A71FE /* Assets.xcassets in Resources */ = {isa = PBXBuildFile; fileRef = 43E0C8852B50E065002A71FE /* Assets.xcassets */; };
		43E0C8892B50E065002A71FE /* LaunchScreen.storyboard in Resources */ = {isa = PBXBuildFile; fileRef = 43E0C8872B50E065002A71FE /* LaunchScreen.storyboard */; };
		43E0C8912B515A34002A71FE /* add.metal in Sources */ = {isa = PBXBuildFile; fileRef = 43E0C8902B515A34002A71FE /* add.metal */; };
		43E0E0212B56AB1C002A71FE /* One_2ViewController.swift in Sources */ = {isa = PBXBuildFile; fileRef = 43E0E0202B56AB1C002A71FE /* One_2ViewController.swift */; };
		43E0E0232B56AB39002A71FE /* One_1ViewController.swift in Sources */ = {isa = PBXBuildFile; fileRef = 43E0E0222B56AB39002A71FE /* One_1ViewController.swift */; };
		43E0E0252B5775A2002A71FE /* One_3ViewController.swift in Sources */ = {isa = PBXBuildFile; fileRef = 43E0E0242B5775A2002A71FE /* One_3ViewController.swift */; };
		43E0E96B2B591430002A71FE /* DemoShaders.metal in Sources */ = {isa = PBXBuildFile; fileRef = 43E0E96A2B591430002A71FE /* DemoShaders.metal */; };
		43E0EDBE2B595C36002A71FE /* TempObject.m in Sources */ = {isa = PBXBuildFile; fileRef = 43E0EDBD2B595C36002A71FE /* TempObject.m */; };
/* End PBXBuildFile section */

/* Begin PBXFileReference section */
		43E0C8792B50E064002A71FE /* DemoMetal1.app */ = {isa = PBXFileReference; explicitFileType = wrapper.application; includeInIndex = 0; path = DemoMetal1.app; sourceTree = BUILT_PRODUCTS_DIR; };
		43E0C87C2B50E064002A71FE /* AppDelegate.swift */ = {isa = PBXFileReference; lastKnownFileType = sourcecode.swift; path = AppDelegate.swift; sourceTree = "<group>"; };
		43E0C87E2B50E064002A71FE /* SceneDelegate.swift */ = {isa = PBXFileReference; lastKnownFileType = sourcecode.swift; path = SceneDelegate.swift; sourceTree = "<group>"; };
		43E0C8802B50E064002A71FE /* ViewController.swift */ = {isa = PBXFileReference; lastKnownFileType = sourcecode.swift; path = ViewController.swift; sourceTree = "<group>"; };
		43E0C8832B50E064002A71FE /* Base */ = {isa = PBXFileReference; lastKnownFileType = file.storyboard; name = Base; path = Base.lproj/Main.storyboard; sourceTree = "<group>"; };
		43E0C8852B50E065002A71FE /* Assets.xcassets */ = {isa = PBXFileReference; lastKnownFileType = folder.assetcatalog; path = Assets.xcassets; sourceTree = "<group>"; };
		43E0C8882B50E065002A71FE /* Base */ = {isa = PBXFileReference; lastKnownFileType = file.storyboard; name = Base; path = Base.lproj/LaunchScreen.storyboard; sourceTree = "<group>"; };
		43E0C88A2B50E065002A71FE /* Info.plist */ = {isa = PBXFileReference; lastKnownFileType = text.plist.xml; path = Info.plist; sourceTree = "<group>"; };
		43E0C8902B515A34002A71FE /* add.metal */ = {isa = PBXFileReference; fileEncoding = 4; lastKnownFileType = sourcecode.metal; path = add.metal; sourceTree = "<group>"; };
		43E0E0202B56AB1C002A71FE /* One_2ViewController.swift */ = {isa = PBXFileReference; lastKnownFileType = sourcecode.swift; path = One_2ViewController.swift; sourceTree = "<group>"; };
		43E0E0222B56AB39002A71FE /* One_1ViewController.swift */ = {isa = PBXFileReference; lastKnownFileType = sourcecode.swift; path = One_1ViewController.swift; sourceTree = "<group>"; };
		43E0E0242B5775A2002A71FE /* One_3ViewController.swift */ = {isa = PBXFileReference; lastKnownFileType = sourcecode.swift; path = One_3ViewController.swift; sourceTree = "<group>"; };
		43E0E9692B590A8D002A71FE /* DemoShaderTypes.h */ = {isa = PBXFileReference; lastKnownFileType = sourcecode.c.h; path = DemoShaderTypes.h; sourceTree = "<group>"; };
		43E0E96A2B591430002A71FE /* DemoShaders.metal */ = {isa = PBXFileReference; lastKnownFileType = sourcecode.metal; path = DemoShaders.metal; sourceTree = "<group>"; };
		43E0EDBB2B595C35002A71FE /* DemoMetal1-Bridging-Header.h */ = {isa = PBXFileReference; lastKnownFileType = sourcecode.c.h; path = "DemoMetal1-Bridging-Header.h"; sourceTree = "<group>"; };
		43E0EDBC2B595C36002A71FE /* TempObject.h */ = {isa = PBXFileReference; lastKnownFileType = sourcecode.c.h; path = TempObject.h; sourceTree = "<group>"; };
		43E0EDBD2B595C36002A71FE /* TempObject.m */ = {isa = PBXFileReference; lastKnownFileType = sourcecode.c.objc; path = TempObject.m; sourceTree = "<group>"; };
/* End PBXFileReference section */

/* Begin PBXFrameworksBuildPhase section */
		43E0C8762B50E064002A71FE /* Frameworks */ = {
			isa = PBXFrameworksBuildPhase;
			buildActionMask = 2147483647;
			files = (
			);
			runOnlyForDeploymentPostprocessing = 0;
		};
/* End PBXFrameworksBuildPhase section */

/* Begin PBXGroup section */
		43E0C8702B50E063002A71FE = {
			isa = PBXGroup;
			children = (
				43E0C87B2B50E064002A71FE /* DemoMetal1 */,
				43E0C87A2B50E064002A71FE /* Products */,
			);
			sourceTree = "<group>";
		};
		43E0C87A2B50E064002A71FE /* Products */ = {
			isa = PBXGroup;
			children = (
				43E0C8792B50E064002A71FE /* DemoMetal1.app */,
			);
			name = Products;
			sourceTree = "<group>";
		};
		43E0C87B2B50E064002A71FE /* DemoMetal1 */ = {
			isa = PBXGroup;
			children = (
				43E0C87C2B50E064002A71FE /* AppDelegate.swift */,
				43E0C87E2B50E064002A71FE /* SceneDelegate.swift */,
				43E0C8802B50E064002A71FE /* ViewController.swift */,
				43E0E0222B56AB39002A71FE /* One_1ViewController.swift */,
				43E0E0202B56AB1C002A71FE /* One_2ViewController.swift */,
				43E0E0242B5775A2002A71FE /* One_3ViewController.swift */,
				43E0EDBC2B595C36002A71FE /* TempObject.h */,
				43E0EDBD2B595C36002A71FE /* TempObject.m */,
				43E0E9692B590A8D002A71FE /* DemoShaderTypes.h */,
				43E0E96A2B591430002A71FE /* DemoShaders.metal */,
				43E0C8902B515A34002A71FE /* add.metal */,
				43E0C8822B50E064002A71FE /* Main.storyboard */,
				43E0C8852B50E065002A71FE /* Assets.xcassets */,
				43E0C8872B50E065002A71FE /* LaunchScreen.storyboard */,
				43E0C88A2B50E065002A71FE /* Info.plist */,
				43E0EDBB2B595C35002A71FE /* DemoMetal1-Bridging-Header.h */,
			);
			path = DemoMetal1;
			sourceTree = "<group>";
		};
/* End PBXGroup section */

/* Begin PBXNativeTarget section */
		43E0C8782B50E064002A71FE /* DemoMetal1 */ = {
			isa = PBXNativeTarget;
			buildConfigurationList = 43E0C88D2B50E065002A71FE /* Build configuration list for PBXNativeTarget "DemoMetal1" */;
			buildPhases = (
				43E0C8752B50E064002A71FE /* Sources */,
				43E0C8762B50E064002A71FE /* Frameworks */,
				43E0C8772B50E064002A71FE /* Resources */,
			);
			buildRules = (
			);
			dependencies = (
			);
			name = DemoMetal1;
			productName = DemoMetal1;
			productReference = 43E0C8792B50E064002A71FE /* DemoMetal1.app */;
			productType = "com.apple.product-type.application";
		};
/* End PBXNativeTarget section */

/* Begin PBXProject section */
		43E0C8712B50E063002A71FE /* Project object */ = {
			isa = PBXProject;
			attributes = {
				BuildIndependentTargetsInParallel = 1;
				LastSwiftUpdateCheck = 1500;
				LastUpgradeCheck = 1500;
				TargetAttributes = {
					43E0C8782B50E064002A71FE = {
						CreatedOnToolsVersion = 15.0;
						LastSwiftMigration = 1500;
					};
				};
			};
			buildConfigurationList = 43E0C8742B50E063002A71FE /* Build configuration list for PBXProject "DemoMetal1" */;
			compatibilityVersion = "Xcode 14.0";
			developmentRegion = en;
			hasScannedForEncodings = 0;
			knownRegions = (
				en,
				Base,
			);
			mainGroup = 43E0C8702B50E063002A71FE;
			productRefGroup = 43E0C87A2B50E064002A71FE /* Products */;
			projectDirPath = "";
			projectRoot = "";
			targets = (
				43E0C8782B50E064002A71FE /* DemoMetal1 */,
			);
		};
/* End PBXProject section */

/* Begin PBXResourcesBuildPhase section */
		43E0C8772B50E064002A71FE /* Resources */ = {
			isa = PBXResourcesBuildPhase;
			buildActionMask = 2147483647;
			files = (
				43E0C8892B50E065002A71FE /* LaunchScreen.storyboard in Resources */,
				43E0C8862B50E065002A71FE /* Assets.xcassets in Resources */,
				43E0C8842B50E064002A71FE /* Main.storyboard in Resources */,
			);
			runOnlyForDeploymentPostprocessing = 0;
		};
/* End PBXResourcesBuildPhase section */

/* Begin PBXSourcesBuildPhase section */
		43E0C8752B50E064002A71FE /* Sources */ = {
			isa = PBXSourcesBuildPhase;
			buildActionMask = 2147483647;
			files = (
				43E0C8812B50E064002A71FE /* ViewController.swift in Sources */,
				43E0E96B2B591430002A71FE /* DemoShaders.metal in Sources */,
				43E0C87D2B50E064002A71FE /* AppDelegate.swift in Sources */,
				43E0E0252B5775A2002A71FE /* One_3ViewController.swift in Sources */,
				43E0C87F2B50E064002A71FE /* SceneDelegate.swift in Sources */,
				43E0EDBE2B595C36002A71FE /* TempObject.m in Sources */,
				43E0E0232B56AB39002A71FE /* One_1ViewController.swift in Sources */,
				43E0C8912B515A34002A71FE /* add.metal in Sources */,
				43E0E0212B56AB1C002A71FE /* One_2ViewController.swift in Sources */,
			);
			runOnlyForDeploymentPostprocessing = 0;
		};
/* End PBXSourcesBuildPhase section */

/* Begin PBXVariantGroup section */
		43E0C8822B50E064002A71FE /* Main.storyboard */ = {
			isa = PBXVariantGroup;
			children = (
				43E0C8832B50E064002A71FE /* Base */,
			);
			name = Main.storyboard;
			sourceTree = "<group>";
		};
		43E0C8872B50E065002A71FE /* LaunchScreen.storyboard */ = {
			isa = PBXVariantGroup;
			children = (
				43E0C8882B50E065002A71FE /* Base */,
			);
			name = LaunchScreen.storyboard;
			sourceTree = "<group>";
		};
/* End PBXVariantGroup section */

/* Begin XCBuildConfiguration section */
		43E0C88B2B50E065002A71FE /* Debug */ = {
			isa = XCBuildConfiguration;
			buildSettings = {
				ALWAYS_SEARCH_USER_PATHS = NO;
				ASSETCATALOG_COMPILER_GENERATE_SWIFT_ASSET_SYMBOL_EXTENSIONS = YES;
				CLANG_ANALYZER_NONNULL = YES;
				CLANG_ANALYZER_NUMBER_OBJECT_CONVERSION = YES_AGGRESSIVE;
				CLANG_CXX_LANGUAGE_STANDARD = "gnu++20";
				CLANG_ENABLE_MODULES = YES;
				CLANG_ENABLE_OBJC_ARC = YES;
				CLANG_ENABLE_OBJC_WEAK = YES;
				CLANG_WARN_BLOCK_CAPTURE_AUTORELEASING = YES;
				CLANG_WARN_BOOL_CONVERSION = YES;
				CLANG_WARN_COMMA = YES;
				CLANG_WARN_CONSTANT_CONVERSION = YES;
				CLANG_WARN_DEPRECATED_OBJC_IMPLEMENTATIONS = YES;
				CLANG_WARN_DIRECT_OBJC_ISA_USAGE = YES_ERROR;
				CLANG_WARN_DOCUMENTATION_COMMENTS = YES;
				CLANG_WARN_EMPTY_BODY = YES;
				CLANG_WARN_ENUM_CONVERSION = YES;
				CLANG_WARN_INFINITE_RECURSION = YES;
				CLANG_WARN_INT_CONVERSION = YES;
				CLANG_WARN_NON_LITERAL_NULL_CONVERSION = YES;
				CLANG_WARN_OBJC_IMPLICIT_RETAIN_SELF = YES;
				CLANG_WARN_OBJC_LITERAL_CONVERSION = YES;
				CLANG_WARN_OBJC_ROOT_CLASS = YES_ERROR;
				CLANG_WARN_QUOTED_INCLUDE_IN_FRAMEWORK_HEADER = YES;
				CLANG_WARN_RANGE_LOOP_ANALYSIS = YES;
				CLANG_WARN_STRICT_PROTOTYPES = YES;
				CLANG_WARN_SUSPICIOUS_MOVE = YES;
				CLANG_WARN_UNGUARDED_AVAILABILITY = YES_AGGRESSIVE;
				CLANG_WARN_UNREACHABLE_CODE = YES;
				CLANG_WARN__DUPLICATE_METHOD_MATCH = YES;
				COPY_PHASE_STRIP = NO;
				DEBUG_INFORMATION_FORMAT = dwarf;
				ENABLE_STRICT_OBJC_MSGSEND = YES;
				ENABLE_TESTABILITY = YES;
				ENABLE_USER_SCRIPT_SANDBOXING = YES;
				GCC_C_LANGUAGE_STANDARD = gnu17;
				GCC_DYNAMIC_NO_PIC = NO;
				GCC_NO_COMMON_BLOCKS = YES;
				GCC_OPTIMIZATION_LEVEL = 0;
				GCC_PREPROCESSOR_DEFINITIONS = (
					"DEBUG=1",
					"$(inherited)",
				);
				GCC_WARN_64_TO_32_BIT_CONVERSION = YES;
				GCC_WARN_ABOUT_RETURN_TYPE = YES_ERROR;
				GCC_WARN_UNDECLARED_SELECTOR = YES;
				GCC_WARN_UNINITIALIZED_AUTOS = YES_AGGRESSIVE;
				GCC_WARN_UNUSED_FUNCTION = YES;
				GCC_WARN_UNUSED_VARIABLE = YES;
				IPHONEOS_DEPLOYMENT_TARGET = 13.0;
				LOCALIZATION_PREFERS_STRING_CATALOGS = YES;
				MTL_ENABLE_DEBUG_INFO = INCLUDE_SOURCE;
				MTL_FAST_MATH = YES;
				ONLY_ACTIVE_ARCH = YES;
				SDKROOT = iphoneos;
				SWIFT_ACTIVE_COMPILATION_CONDITIONS = "DEBUG $(inherited)";
				SWIFT_OPTIMIZATION_LEVEL = "-Onone";
			};
			name = Debug;
		};
		43E0C88C2B50E065002A71FE /* Release */ = {
			isa = XCBuildConfiguration;
			buildSettings = {
				ALWAYS_SEARCH_USER_PATHS = NO;
				ASSETCATALOG_COMPILER_GENERATE_SWIFT_ASSET_SYMBOL_EXTENSIONS = YES;
				CLANG_ANALYZER_NONNULL = YES;
				CLANG_ANALYZER_NUMBER_OBJECT_CONVERSION = YES_AGGRESSIVE;
				CLANG_CXX_LANGUAGE_STANDARD = "gnu++20";
				CLANG_ENABLE_MODULES = YES;
				CLANG_ENABLE_OBJC_ARC = YES;
				CLANG_ENABLE_OBJC_WEAK = YES;
				CLANG_WARN_BLOCK_CAPTURE_AUTORELEASING = YES;
				CLANG_WARN_BOOL_CONVERSION = YES;
				CLANG_WARN_COMMA = YES;
				CLANG_WARN_CONSTANT_CONVERSION = YES;
				CLANG_WARN_DEPRECATED_OBJC_IMPLEMENTATIONS = YES;
				CLANG_WARN_DIRECT_OBJC_ISA_USAGE = YES_ERROR;
				CLANG_WARN_DOCUMENTATION_COMMENTS = YES;
				CLANG_WARN_EMPTY_BODY = YES;
				CLANG_WARN_ENUM_CONVERSION = YES;
				CLANG_WARN_INFINITE_RECURSION = YES;
				CLANG_WARN_INT_CONVERSION = YES;
				CLANG_WARN_NON_LITERAL_NULL_CONVERSION = YES;
				CLANG_WARN_OBJC_IMPLICIT_RETAIN_SELF = YES;
				CLANG_WARN_OBJC_LITERAL_CONVERSION = YES;
				CLANG_WARN_OBJC_ROOT_CLASS = YES_ERROR;
				CLANG_WARN_QUOTED_INCLUDE_IN_FRAMEWORK_HEADER = YES;
				CLANG_WARN_RANGE_LOOP_ANALYSIS = YES;
				CLANG_WARN_STRICT_PROTOTYPES = YES;
				CLANG_WARN_SUSPICIOUS_MOVE = YES;
				CLANG_WARN_UNGUARDED_AVAILABILITY = YES_AGGRESSIVE;
				CLANG_WARN_UNREACHABLE_CODE = YES;
				CLANG_WARN__DUPLICATE_METHOD_MATCH = YES;
				COPY_PHASE_STRIP = NO;
				DEBUG_INFORMATION_FORMAT = "dwarf-with-dsym";
				ENABLE_NS_ASSERTIONS = NO;
				ENABLE_STRICT_OBJC_MSGSEND = YES;
				ENABLE_USER_SCRIPT_SANDBOXING = YES;
				GCC_C_LANGUAGE_STANDARD = gnu17;
				GCC_NO_COMMON_BLOCKS = YES;
				GCC_WARN_64_TO_32_BIT_CONVERSION = YES;
				GCC_WARN_ABOUT_RETURN_TYPE = YES_ERROR;
				GCC_WARN_UNDECLARED_SELECTOR = YES;
				GCC_WARN_UNINITIALIZED_AUTOS = YES_AGGRESSIVE;
				GCC_WARN_UNUSED_FUNCTION = YES;
				GCC_WARN_UNUSED_VARIABLE = YES;
				IPHONEOS_DEPLOYMENT_TARGET = 13.0;
				LOCALIZATION_PREFERS_STRING_CATALOGS = YES;
				MTL_ENABLE_DEBUG_INFO = NO;
				MTL_FAST_MATH = YES;
				SDKROOT = iphoneos;
				SWIFT_COMPILATION_MODE = wholemodule;
				VALIDATE_PRODUCT = YES;
			};
			name = Release;
		};
		43E0C88E2B50E065002A71FE /* Debug */ = {
			isa = XCBuildConfiguration;
			buildSettings = {
				ASSETCATALOG_COMPILER_APPICON_NAME = AppIcon;
				ASSETCATALOG_COMPILER_GLOBAL_ACCENT_COLOR_NAME = AccentColor;
				CLANG_ENABLE_MODULES = YES;
				CODE_SIGN_STYLE = Automatic;
				CURRENT_PROJECT_VERSION = 1;
				DEVELOPMENT_TEAM = E4R9H9F9L2;
				GENERATE_INFOPLIST_FILE = YES;
				INFOPLIST_FILE = DemoMetal1/Info.plist;
				INFOPLIST_KEY_UIApplicationSupportsIndirectInputEvents = YES;
				INFOPLIST_KEY_UILaunchStoryboardName = LaunchScreen;
				INFOPLIST_KEY_UIMainStoryboardFile = Main;
				INFOPLIST_KEY_UISupportedInterfaceOrientations_iPad = "UIInterfaceOrientationPortrait UIInterfaceOrientationPortraitUpsideDown UIInterfaceOrientationLandscapeLeft UIInterfaceOrientationLandscapeRight";
				INFOPLIST_KEY_UISupportedInterfaceOrientations_iPhone = "UIInterfaceOrientationPortrait UIInterfaceOrientationLandscapeLeft UIInterfaceOrientationLandscapeRight";
				LD_RUNPATH_SEARCH_PATHS = (
					"$(inherited)",
					"@executable_path/Frameworks",
				);
				MARKETING_VERSION = 1.0;
				PRODUCT_BUNDLE_IDENTIFIER = com.lxm.DemoMetal1;
				PRODUCT_NAME = "$(TARGET_NAME)";
				SWIFT_EMIT_LOC_STRINGS = YES;
				SWIFT_OBJC_BRIDGING_HEADER = "DemoMetal1/DemoMetal1-Bridging-Header.h";
				SWIFT_OPTIMIZATION_LEVEL = "-Onone";
				SWIFT_VERSION = 5.0;
				TARGETED_DEVICE_FAMILY = "1,2";
			};
			name = Debug;
		};
		43E0C88F2B50E065002A71FE /* Release */ = {
			isa = XCBuildConfiguration;
			buildSettings = {
				ASSETCATALOG_COMPILER_APPICON_NAME = AppIcon;
				ASSETCATALOG_COMPILER_GLOBAL_ACCENT_COLOR_NAME = AccentColor;
				CLANG_ENABLE_MODULES = YES;
				CODE_SIGN_STYLE = Automatic;
				CURRENT_PROJECT_VERSION = 1;
				DEVELOPMENT_TEAM = E4R9H9F9L2;
				GENERATE_INFOPLIST_FILE = YES;
				INFOPLIST_FILE = DemoMetal1/Info.plist;
				INFOPLIST_KEY_UIApplicationSupportsIndirectInputEvents = YES;
				INFOPLIST_KEY_UILaunchStoryboardName = LaunchScreen;
				INFOPLIST_KEY_UIMainStoryboardFile = Main;
				INFOPLIST_KEY_UISupportedInterfaceOrientations_iPad = "UIInterfaceOrientationPortrait UIInterfaceOrientationPortraitUpsideDown UIInterfaceOrientationLandscapeLeft UIInterfaceOrientationLandscapeRight";
				INFOPLIST_KEY_UISupportedInterfaceOrientations_iPhone = "UIInterfaceOrientationPortrait UIInterfaceOrientationLandscapeLeft UIInterfaceOrientationLandscapeRight";
				LD_RUNPATH_SEARCH_PATHS = (
					"$(inherited)",
					"@executable_path/Frameworks",
				);
				MARKETING_VERSION = 1.0;
				PRODUCT_BUNDLE_IDENTIFIER = com.lxm.DemoMetal1;
				PRODUCT_NAME = "$(TARGET_NAME)";
				SWIFT_EMIT_LOC_STRINGS = YES;
				SWIFT_OBJC_BRIDGING_HEADER = "DemoMetal1/DemoMetal1-Bridging-Header.h";
				SWIFT_VERSION = 5.0;
				TARGETED_DEVICE_FAMILY = "1,2";
			};
			name = Release;
		};
/* End XCBuildConfiguration section */

/* Begin XCConfigurationList section */
		43E0C8742B50E063002A71FE /* Build configuration list for PBXProject "DemoMetal1" */ = {
			isa = XCConfigurationList;
			buildConfigurations = (
				43E0C88B2B50E065002A71FE /* Debug */,
				43E0C88C2B50E065002A71FE /* Release */,
			);
			defaultConfigurationIsVisible = 0;
			defaultConfigurationName = Release;
		};
		43E0C88D2B50E065002A71FE /* Build configuration list for PBXNativeTarget "DemoMetal1" */ = {
			isa = XCConfigurationList;
			buildConfigurations = (
				43E0C88E2B50E065002A71FE /* Debug */,
				43E0C88F2B50E065002A71FE /* Release */,
			);
			defaultConfigurationIsVisible = 0;
			defaultConfigurationName = Release;
		};
/* End XCConfigurationList section */
	};
	rootObject = 43E0C8712B50E063002A71FE /* Project object */;
}
